
Microsoft Visual Studio Solution File, Format Version 12.00
# Visual Studio Version 17
VisualStudioVersion = 17.14.36121.58 d17.14
MinimumVisualStudioVersion = 10.0.40219.1
Project("{8BC9CEB8-8B4A-11D0-8D11-00A0C91BC942}") = "01_FirstProject", "..\Project_Heima\QT从入门到实战完整版资料\day1资料\Code\01_FirstProject\01_FirstProject.vcxproj", "{87118882-C702-3B7E-A952-DF9903AF7D7C}"
EndProject
Global
	GlobalSection(SolutionConfigurationPlatforms) = preSolution
		Debug|x64 = Debug|x64
		Release|x64 = Release|x64
	EndGlobalSection
	GlobalSection(ProjectConfigurationPlatforms) = postSolution
		{87118882-C702-3B7E-A952-DF9903AF7D7C}.Debug|x64.ActiveCfg = Debug|x64
		{87118882-C702-3B7E-A952-DF9903AF7D7C}.Debug|x64.Build.0 = Debug|x64
		{87118882-C702-3B7E-A952-DF9903AF7D7C}.Release|x64.ActiveCfg = Release|x64
		{87118882-C702-3B7E-A952-DF9903AF7D7C}.Release|x64.Build.0 = Release|x64
	EndGlobalSection
	GlobalSection(SolutionProperties) = preSolution
		HideSolutionNode = FALSE
	EndGlobalSection
	GlobalSection(ExtensibilityGlobals) = postSolution
		SolutionGuid = {AD2FFA11-56A8-41A5-975C-402E56C62EE7}
	EndGlobalSection
EndGlobal
