
Microsoft Visual Studio Solution File, Format Version 12.00
# Visual Studio Version 17
VisualStudioVersion = 17.14.36127.28 d17.14
MinimumVisualStudioVersion = 10.0.40219.1
Project("{8BC9CEB8-8B4A-11D0-8D11-00A0C91BC942}") = "QtDialog", "QtDialog.vcxproj", "{A19EAB1B-76F0-4213-8E53-51667CC7F970}"
EndProject
Global
	GlobalSection(SolutionConfigurationPlatforms) = preSolution
		Debug|x64 = Debug|x64
		Release|x64 = Release|x64
	EndGlobalSection
	GlobalSection(ProjectConfigurationPlatforms) = postSolution
		{A19EAB1B-76F0-4213-8E53-51667CC7F970}.Debug|x64.ActiveCfg = Debug|x64
		{A19EAB1B-76F0-4213-8E53-51667CC7F970}.Debug|x64.Build.0 = Debug|x64
		{A19EAB1B-76F0-4213-8E53-51667CC7F970}.Release|x64.ActiveCfg = Release|x64
		{A19EAB1B-76F0-4213-8E53-51667CC7F970}.Release|x64.Build.0 = Release|x64
	EndGlobalSection
	GlobalSection(SolutionProperties) = preSolution
		HideSolutionNode = FALSE
	EndGlobalSection
	GlobalSection(ExtensibilityGlobals) = postSolution
		SolutionGuid = {1F492D22-802E-4D45-A147-FEA90FC7C61B}
	EndGlobalSection
EndGlobal
